{
  "name": "ferrari-club-pnj",
  "version": "0.1.0",
  "lockfileVersion": 3,
  "requires": true,
  "packages": {
    "": {
      "name": "ferrari-club-pnj",
      "version": "0.1.0",
      "workspaces": [
        "mockups/*"
      ]
    },
    "mockups/pcf": {
      "name": "pcf-site",
      "version": "0.1.0"
    },
    "node_modules/pcf-site": {
      "resolved": "mockups/pcf",
      "link": true
    }
  }
}
